
Microsoft Visual Studio Solution File, Format Version 12.00
# Visual Studio Version 17
VisualStudioVersion = 17.9.34902.65
MinimumVisualStudioVersion = 10.0.40219.1
Project("{9A19103F-16F7-4668-BE54-9A1E7A4F7556}") = "Batman", "Batman\Batman.csproj", "{0F1C53FE-F4DF-4F86-A584-52A8B3C4CB78}"
EndProject
Global
	GlobalSection(SolutionConfigurationPlatforms) = preSolution
		Debug|Any CPU = Debug|Any CPU
		Release|Any CPU = Release|Any CPU
	EndGlobalSection
	GlobalSection(ProjectConfigurationPlatforms) = postSolution
		{0F1C53FE-F4DF-4F86-A584-52A8B3C4CB78}.Debug|Any CPU.ActiveCfg = Debug|Any CPU
		{0F1C53FE-F4DF-4F86-A584-52A8B3C4CB78}.Debug|Any CPU.Build.0 = Debug|Any CPU
		{0F1C53FE-F4DF-4F86-A584-52A8B3C4CB78}.Release|Any CPU.ActiveCfg = Release|Any CPU
		{0F1C53FE-F4DF-4F86-A584-52A8B3C4CB78}.Release|Any CPU.Build.0 = Release|Any CPU
	EndGlobalSection
	GlobalSection(SolutionProperties) = preSolution
		HideSolutionNode = FALSE
	EndGlobalSection
	GlobalSection(ExtensibilityGlobals) = postSolution
		SolutionGuid = {CE40871F-6F7E-45BC-A465-C02DA5976ACA}
	EndGlobalSection
EndGlobal
