
Microsoft Visual Studio Solution File, Format Version 12.00
# Visual Studio Version 17
VisualStudioVersion = 17.9.34902.65
MinimumVisualStudioVersion = 10.0.40219.1
Project("{9A19103F-16F7-4668-BE54-9A1E7A4F7556}") = "Batman", "Batman\Batman.csproj", "{0F1C53FE-F4DF-4F86-A584-52A8B3C4CB78}"
EndProject
Project("{2150E333-8FDC-42A3-9474-1A3956D46DE8}") = "Pictures", "Pictures", "{996A73EA-5FC6-4D3C-8467-4C85755B551F}"
	ProjectSection(SolutionItems) = preProject
		Batman\backgreen.png = Batman\backgreen.png
		Batman\background.jpg = Batman\background.jpg
		..\..\..\..\..\Real_World_Interaction\MAUI\MAUI\Resources\Images\cardskin.png = ..\..\..\..\..\Real_World_Interaction\MAUI\MAUI\Resources\Images\cardskin.png
		..\..\..\..\..\Real_World_Interaction\MAUI\MAUI\Resources\Images\cl1.gif = ..\..\..\..\..\Real_World_Interaction\MAUI\MAUI\Resources\Images\cl1.gif
		..\..\..\..\..\Real_World_Interaction\MAUI\MAUI\Resources\Images\cl10.gif = ..\..\..\..\..\Real_World_Interaction\MAUI\MAUI\Resources\Images\cl10.gif
		..\..\..\..\..\Real_World_Interaction\MAUI\MAUI\Resources\Images\cl2.gif = ..\..\..\..\..\Real_World_Interaction\MAUI\MAUI\Resources\Images\cl2.gif
		..\..\..\..\..\Real_World_Interaction\MAUI\MAUI\Resources\Images\cl3.gif = ..\..\..\..\..\Real_World_Interaction\MAUI\MAUI\Resources\Images\cl3.gif
		..\..\..\..\..\Real_World_Interaction\MAUI\MAUI\Resources\Images\cl4.gif = ..\..\..\..\..\Real_World_Interaction\MAUI\MAUI\Resources\Images\cl4.gif
		..\..\..\..\..\Real_World_Interaction\MAUI\MAUI\Resources\Images\cl5.gif = ..\..\..\..\..\Real_World_Interaction\MAUI\MAUI\Resources\Images\cl5.gif
		..\..\..\..\..\Real_World_Interaction\MAUI\MAUI\Resources\Images\cl6.gif = ..\..\..\..\..\Real_World_Interaction\MAUI\MAUI\Resources\Images\cl6.gif
		..\..\..\..\..\Real_World_Interaction\MAUI\MAUI\Resources\Images\cl7.gif = ..\..\..\..\..\Real_World_Interaction\MAUI\MAUI\Resources\Images\cl7.gif
		..\..\..\..\..\Real_World_Interaction\MAUI\MAUI\Resources\Images\cl8.gif = ..\..\..\..\..\Real_World_Interaction\MAUI\MAUI\Resources\Images\cl8.gif
		..\..\..\..\..\Real_World_Interaction\MAUI\MAUI\Resources\Images\cl9.gif = ..\..\..\..\..\Real_World_Interaction\MAUI\MAUI\Resources\Images\cl9.gif
		..\..\..\..\..\Real_World_Interaction\MAUI\MAUI\Resources\Images\clj.gif = ..\..\..\..\..\Real_World_Interaction\MAUI\MAUI\Resources\Images\clj.gif
		..\..\..\..\..\Real_World_Interaction\MAUI\MAUI\Resources\Images\clk.gif = ..\..\..\..\..\Real_World_Interaction\MAUI\MAUI\Resources\Images\clk.gif
		..\..\..\..\..\Real_World_Interaction\MAUI\MAUI\Resources\Images\clq.gif = ..\..\..\..\..\Real_World_Interaction\MAUI\MAUI\Resources\Images\clq.gif
		..\..\..\..\..\Real_World_Interaction\MAUI\MAUI\Resources\Images\di1.gif = ..\..\..\..\..\Real_World_Interaction\MAUI\MAUI\Resources\Images\di1.gif
		..\..\..\..\..\Real_World_Interaction\MAUI\MAUI\Resources\Images\di10.gif = ..\..\..\..\..\Real_World_Interaction\MAUI\MAUI\Resources\Images\di10.gif
		..\..\..\..\..\Real_World_Interaction\MAUI\MAUI\Resources\Images\di2.gif = ..\..\..\..\..\Real_World_Interaction\MAUI\MAUI\Resources\Images\di2.gif
		..\..\..\..\..\Real_World_Interaction\MAUI\MAUI\Resources\Images\di3.gif = ..\..\..\..\..\Real_World_Interaction\MAUI\MAUI\Resources\Images\di3.gif
		..\..\..\..\..\Real_World_Interaction\MAUI\MAUI\Resources\Images\di4.gif = ..\..\..\..\..\Real_World_Interaction\MAUI\MAUI\Resources\Images\di4.gif
		..\..\..\..\..\Real_World_Interaction\MAUI\MAUI\Resources\Images\di5.gif = ..\..\..\..\..\Real_World_Interaction\MAUI\MAUI\Resources\Images\di5.gif
		..\..\..\..\..\Real_World_Interaction\MAUI\MAUI\Resources\Images\di6.gif = ..\..\..\..\..\Real_World_Interaction\MAUI\MAUI\Resources\Images\di6.gif
		..\..\..\..\..\Real_World_Interaction\MAUI\MAUI\Resources\Images\di7.gif = ..\..\..\..\..\Real_World_Interaction\MAUI\MAUI\Resources\Images\di7.gif
		..\..\..\..\..\Real_World_Interaction\MAUI\MAUI\Resources\Images\di8.gif = ..\..\..\..\..\Real_World_Interaction\MAUI\MAUI\Resources\Images\di8.gif
		..\..\..\..\..\Real_World_Interaction\MAUI\MAUI\Resources\Images\di9.gif = ..\..\..\..\..\Real_World_Interaction\MAUI\MAUI\Resources\Images\di9.gif
		..\..\..\..\..\Real_World_Interaction\MAUI\MAUI\Resources\Images\dij.gif = ..\..\..\..\..\Real_World_Interaction\MAUI\MAUI\Resources\Images\dij.gif
		..\..\..\..\..\Real_World_Interaction\MAUI\MAUI\Resources\Images\dik.gif = ..\..\..\..\..\Real_World_Interaction\MAUI\MAUI\Resources\Images\dik.gif
		..\..\..\..\..\Real_World_Interaction\MAUI\MAUI\Resources\Images\diq.gif = ..\..\..\..\..\Real_World_Interaction\MAUI\MAUI\Resources\Images\diq.gif
		..\..\..\..\..\Real_World_Interaction\MAUI\MAUI\Resources\Images\he1.gif = ..\..\..\..\..\Real_World_Interaction\MAUI\MAUI\Resources\Images\he1.gif
		..\..\..\..\..\Real_World_Interaction\MAUI\MAUI\Resources\Images\he10.gif = ..\..\..\..\..\Real_World_Interaction\MAUI\MAUI\Resources\Images\he10.gif
		..\..\..\..\..\Real_World_Interaction\MAUI\MAUI\Resources\Images\he2.gif = ..\..\..\..\..\Real_World_Interaction\MAUI\MAUI\Resources\Images\he2.gif
		..\..\..\..\..\Real_World_Interaction\MAUI\MAUI\Resources\Images\he3.gif = ..\..\..\..\..\Real_World_Interaction\MAUI\MAUI\Resources\Images\he3.gif
		..\..\..\..\..\Real_World_Interaction\MAUI\MAUI\Resources\Images\he4.gif = ..\..\..\..\..\Real_World_Interaction\MAUI\MAUI\Resources\Images\he4.gif
		..\..\..\..\..\Real_World_Interaction\MAUI\MAUI\Resources\Images\he5.gif = ..\..\..\..\..\Real_World_Interaction\MAUI\MAUI\Resources\Images\he5.gif
		..\..\..\..\..\Real_World_Interaction\MAUI\MAUI\Resources\Images\he6.gif = ..\..\..\..\..\Real_World_Interaction\MAUI\MAUI\Resources\Images\he6.gif
		..\..\..\..\..\Real_World_Interaction\MAUI\MAUI\Resources\Images\he7.gif = ..\..\..\..\..\Real_World_Interaction\MAUI\MAUI\Resources\Images\he7.gif
		..\..\..\..\..\Real_World_Interaction\MAUI\MAUI\Resources\Images\he8.gif = ..\..\..\..\..\Real_World_Interaction\MAUI\MAUI\Resources\Images\he8.gif
		..\..\..\..\..\Real_World_Interaction\MAUI\MAUI\Resources\Images\he9.gif = ..\..\..\..\..\Real_World_Interaction\MAUI\MAUI\Resources\Images\he9.gif
		..\..\..\..\..\Real_World_Interaction\MAUI\MAUI\Resources\Images\hej.gif = ..\..\..\..\..\Real_World_Interaction\MAUI\MAUI\Resources\Images\hej.gif
		..\..\..\..\..\Real_World_Interaction\MAUI\MAUI\Resources\Images\hek.gif = ..\..\..\..\..\Real_World_Interaction\MAUI\MAUI\Resources\Images\hek.gif
		..\..\..\..\..\Real_World_Interaction\MAUI\MAUI\Resources\Images\heq.gif = ..\..\..\..\..\Real_World_Interaction\MAUI\MAUI\Resources\Images\heq.gif
		Batman\images.jpeg = Batman\images.jpeg
		Batman\ooga.jpg = Batman\ooga.jpg
		..\..\..\..\..\Real_World_Interaction\MAUI\MAUI\Resources\Images\sp1.gif = ..\..\..\..\..\Real_World_Interaction\MAUI\MAUI\Resources\Images\sp1.gif
		..\..\..\..\..\Real_World_Interaction\MAUI\MAUI\Resources\Images\sp10.gif = ..\..\..\..\..\Real_World_Interaction\MAUI\MAUI\Resources\Images\sp10.gif
		..\..\..\..\..\Real_World_Interaction\MAUI\MAUI\Resources\Images\sp2.gif = ..\..\..\..\..\Real_World_Interaction\MAUI\MAUI\Resources\Images\sp2.gif
		..\..\..\..\..\Real_World_Interaction\MAUI\MAUI\Resources\Images\sp3.gif = ..\..\..\..\..\Real_World_Interaction\MAUI\MAUI\Resources\Images\sp3.gif
		..\..\..\..\..\Real_World_Interaction\MAUI\MAUI\Resources\Images\sp4.gif = ..\..\..\..\..\Real_World_Interaction\MAUI\MAUI\Resources\Images\sp4.gif
		..\..\..\..\..\Real_World_Interaction\MAUI\MAUI\Resources\Images\sp5.gif = ..\..\..\..\..\Real_World_Interaction\MAUI\MAUI\Resources\Images\sp5.gif
		..\..\..\..\..\Real_World_Interaction\MAUI\MAUI\Resources\Images\sp6.gif = ..\..\..\..\..\Real_World_Interaction\MAUI\MAUI\Resources\Images\sp6.gif
		..\..\..\..\..\Real_World_Interaction\MAUI\MAUI\Resources\Images\sp7.gif = ..\..\..\..\..\Real_World_Interaction\MAUI\MAUI\Resources\Images\sp7.gif
		..\..\..\..\..\Real_World_Interaction\MAUI\MAUI\Resources\Images\sp8.gif = ..\..\..\..\..\Real_World_Interaction\MAUI\MAUI\Resources\Images\sp8.gif
		..\..\..\..\..\Real_World_Interaction\MAUI\MAUI\Resources\Images\sp9.gif = ..\..\..\..\..\Real_World_Interaction\MAUI\MAUI\Resources\Images\sp9.gif
		..\..\..\..\..\Real_World_Interaction\MAUI\MAUI\Resources\Images\spj.gif = ..\..\..\..\..\Real_World_Interaction\MAUI\MAUI\Resources\Images\spj.gif
		..\..\..\..\..\Real_World_Interaction\MAUI\MAUI\Resources\Images\spk.gif = ..\..\..\..\..\Real_World_Interaction\MAUI\MAUI\Resources\Images\spk.gif
		..\..\..\..\..\Real_World_Interaction\MAUI\MAUI\Resources\Images\spq.gif = ..\..\..\..\..\Real_World_Interaction\MAUI\MAUI\Resources\Images\spq.gif
	EndProjectSection
EndProject
Global
	GlobalSection(SolutionConfigurationPlatforms) = preSolution
		Debug|Any CPU = Debug|Any CPU
		Release|Any CPU = Release|Any CPU
	EndGlobalSection
	GlobalSection(ProjectConfigurationPlatforms) = postSolution
		{0F1C53FE-F4DF-4F86-A584-52A8B3C4CB78}.Debug|Any CPU.ActiveCfg = Debug|Any CPU
		{0F1C53FE-F4DF-4F86-A584-52A8B3C4CB78}.Debug|Any CPU.Build.0 = Debug|Any CPU
		{0F1C53FE-F4DF-4F86-A584-52A8B3C4CB78}.Release|Any CPU.ActiveCfg = Release|Any CPU
		{0F1C53FE-F4DF-4F86-A584-52A8B3C4CB78}.Release|Any CPU.Build.0 = Release|Any CPU
	EndGlobalSection
	GlobalSection(SolutionProperties) = preSolution
		HideSolutionNode = FALSE
	EndGlobalSection
	GlobalSection(ExtensibilityGlobals) = postSolution
		SolutionGuid = {CE40871F-6F7E-45BC-A465-C02DA5976ACA}
	EndGlobalSection
EndGlobal
